
Microsoft Visual Studio Solution File, Format Version 12.00
# Visual Studio Version 17
VisualStudioVersion = 17.4.33213.308
MinimumVisualStudioVersion = 10.0.40219.1
Project("{FAE04EC0-301F-11D3-BF4B-00C04F79EFBC}") = "Imagesupply", "Imagesupply\Imagesupply.csproj", "{12BFC9B1-7EF4-4858-99B0-4A74E787C553}"
EndProject
Global
	GlobalSection(SolutionConfigurationPlatforms) = preSolution
		Debug|Any CPU = Debug|Any CPU
		Release|Any CPU = Release|Any CPU
	EndGlobalSection
	GlobalSection(ProjectConfigurationPlatforms) = postSolution
		{12BFC9B1-7EF4-4858-99B0-4A74E787C553}.Debug|Any CPU.ActiveCfg = Debug|Any CPU
		{12BFC9B1-7EF4-4858-99B0-4A74E787C553}.Debug|Any CPU.Build.0 = Debug|Any CPU
		{12BFC9B1-7EF4-4858-99B0-4A74E787C553}.Release|Any CPU.ActiveCfg = Release|Any CPU
		{12BFC9B1-7EF4-4858-99B0-4A74E787C553}.Release|Any CPU.Build.0 = Release|Any CPU
	EndGlobalSection
	GlobalSection(SolutionProperties) = preSolution
		HideSolutionNode = FALSE
	EndGlobalSection
	GlobalSection(ExtensibilityGlobals) = postSolution
		SolutionGuid = {5AFFA7F0-4937-4476-8E81-A9474B7AE21C}
	EndGlobalSection
EndGlobal
